
Microsoft Visual Studio Solution File, Format Version 12.00
# Visual Studio Version 17
VisualStudioVersion = 17.3.32825.248
MinimumVisualStudioVersion = 10.0.40219.1
Project("{FAE04EC0-301F-11D3-BF4B-00C04F79EFBC}") = "HR-Platform", "HR-Platform\HR-Platform.csproj", "{FC0855DA-6913-449C-B053-724122CC4D1C}"
EndProject
Project("{E53339B2-1760-4266-BCC7-CA923CBCF16C}") = "docker-compose", "docker-compose.dcproj", "{D4638A8D-81DB-4A5D-85AA-EA9692758506}"
EndProject
Global
	GlobalSection(SolutionConfigurationPlatforms) = preSolution
		Debug|Any CPU = Debug|Any CPU
		Release|Any CPU = Release|Any CPU
	EndGlobalSection
	GlobalSection(ProjectConfigurationPlatforms) = postSolution
		{FC0855DA-6913-449C-B053-724122CC4D1C}.Debug|Any CPU.ActiveCfg = Debug|Any CPU
		{FC0855DA-6913-449C-B053-724122CC4D1C}.Debug|Any CPU.Build.0 = Debug|Any CPU
		{FC0855DA-6913-449C-B053-724122CC4D1C}.Release|Any CPU.ActiveCfg = Release|Any CPU
		{FC0855DA-6913-449C-B053-724122CC4D1C}.Release|Any CPU.Build.0 = Release|Any CPU
		{D4638A8D-81DB-4A5D-85AA-EA9692758506}.Debug|Any CPU.ActiveCfg = Debug|Any CPU
		{D4638A8D-81DB-4A5D-85AA-EA9692758506}.Debug|Any CPU.Build.0 = Debug|Any CPU
		{D4638A8D-81DB-4A5D-85AA-EA9692758506}.Release|Any CPU.ActiveCfg = Release|Any CPU
		{D4638A8D-81DB-4A5D-85AA-EA9692758506}.Release|Any CPU.Build.0 = Release|Any CPU
	EndGlobalSection
	GlobalSection(SolutionProperties) = preSolution
		HideSolutionNode = FALSE
	EndGlobalSection
	GlobalSection(ExtensibilityGlobals) = postSolution
		SolutionGuid = {F7E622CC-D51E-497A-BCDF-8FDEBC97CC89}
	EndGlobalSection
EndGlobal
